
Microsoft Visual Studio Solution File, Format Version 12.00
Project("{FAE04EC0-301F-11D3-BF4B-00C04F79EFBC}") = "WebApi", "WebApi\WebApi.csproj", "{509D1E1E-CC74-40D2-85E3-99549E65A404}"
EndProject
Project("{FAE04EC0-301F-11D3-BF4B-00C04F79EFBC}") = "FunctionsApp", "FunctionsApp\FunctionsApp.csproj", "{1DA5CFFB-653C-4B49-B677-40B4ED7A0214}"
EndProject
Project("{FAE04EC0-301F-11D3-BF4B-00C04F79EFBC}") = "SharedLibrary", "SharedLibrary\SharedLibrary.csproj", "{4B89B2BA-455D-4871-B4F1-7702DB05C448}"
EndProject
Global
	GlobalSection(SolutionConfigurationPlatforms) = preSolution
		Debug|Any CPU = Debug|Any CPU
		Release|Any CPU = Release|Any CPU
	EndGlobalSection
	GlobalSection(ProjectConfigurationPlatforms) = postSolution
		{509D1E1E-CC74-40D2-85E3-99549E65A404}.Debug|Any CPU.ActiveCfg = Debug|Any CPU
		{509D1E1E-CC74-40D2-85E3-99549E65A404}.Debug|Any CPU.Build.0 = Debug|Any CPU
		{509D1E1E-CC74-40D2-85E3-99549E65A404}.Release|Any CPU.ActiveCfg = Release|Any CPU
		{509D1E1E-CC74-40D2-85E3-99549E65A404}.Release|Any CPU.Build.0 = Release|Any CPU
		{1DA5CFFB-653C-4B49-B677-40B4ED7A0214}.Debug|Any CPU.ActiveCfg = Debug|Any CPU
		{1DA5CFFB-653C-4B49-B677-40B4ED7A0214}.Debug|Any CPU.Build.0 = Debug|Any CPU
		{1DA5CFFB-653C-4B49-B677-40B4ED7A0214}.Release|Any CPU.ActiveCfg = Release|Any CPU
		{1DA5CFFB-653C-4B49-B677-40B4ED7A0214}.Release|Any CPU.Build.0 = Release|Any CPU
		{4B89B2BA-455D-4871-B4F1-7702DB05C448}.Debug|Any CPU.ActiveCfg = Debug|Any CPU
		{4B89B2BA-455D-4871-B4F1-7702DB05C448}.Debug|Any CPU.Build.0 = Debug|Any CPU
		{4B89B2BA-455D-4871-B4F1-7702DB05C448}.Release|Any CPU.ActiveCfg = Release|Any CPU
		{4B89B2BA-455D-4871-B4F1-7702DB05C448}.Release|Any CPU.Build.0 = Release|Any CPU
	EndGlobalSection
EndGlobal
